
Microsoft Visual Studio Solution File, Format Version 12.00
# Visual Studio Version 17
VisualStudioVersion = 17.5.002.0
MinimumVisualStudioVersion = 10.0.40219.1
Project("{9A19103F-16F7-4668-BE54-9A1E7A4F7556}") = "EwrsDocAnalyses", "EwrsDocAnalyses.csproj", "{B1431E9F-2511-446C-BFC3-DE578E1C2D82}"
EndProject
Project("{2150E333-8FDC-42A3-9474-1A3956D46DE8}") = "ClientApp", "ClientApp", "{D72E01C8-8C0E-4097-9192-8B2C4C34CAE1}"
EndProject
Project("{2150E333-8FDC-42A3-9474-1A3956D46DE8}") = "node_modules", "node_modules", "{6120E5C5-61E2-451B-B791-048B9B28F1BB}"
EndProject
Project("{2150E333-8FDC-42A3-9474-1A3956D46DE8}") = "aws-cdk", "aws-cdk", "{C84FDAC9-CB9B-4778-889E-AF00E8753F27}"
EndProject
Project("{2150E333-8FDC-42A3-9474-1A3956D46DE8}") = "lib", "lib", "{F81A28E0-EF56-429C-BF16-B3ECD8B9CFDD}"
EndProject
Project("{2150E333-8FDC-42A3-9474-1A3956D46DE8}") = "init-templates", "init-templates", "{3BA5F33B-EE8E-447A-8D41-DB6DEDAD17B7}"
EndProject
Project("{2150E333-8FDC-42A3-9474-1A3956D46DE8}") = "app", "app", "{8E78298B-37C2-4A7D-84C9-3B8A309983D1}"
EndProject
Project("{2150E333-8FDC-42A3-9474-1A3956D46DE8}") = "csharp", "csharp", "{C44B334E-CF48-45C0-87FA-BF6D4357CCD4}"
EndProject
Project("{2150E333-8FDC-42A3-9474-1A3956D46DE8}") = "src", "src", "{027EE6BC-E4A1-45D1-B27D-D2ADB934DA49}"
EndProject
Project("{9A19103F-16F7-4668-BE54-9A1E7A4F7556}") = "%name.PascalCased%.template", "ClientApp\node_modules\aws-cdk\lib\init-templates\app\csharp\src\%name.PascalCased%\%name.PascalCased%.template.csproj", "{AA9FDA16-4440-4C6B-B8CF-E46F1EF58BE1}"
EndProject
Project("{2150E333-8FDC-42A3-9474-1A3956D46DE8}") = "sample-app", "sample-app", "{03ABE542-69DA-438B-B9B9-6F9C3310979E}"
EndProject
Project("{2150E333-8FDC-42A3-9474-1A3956D46DE8}") = "csharp", "csharp", "{8CB3E188-EC51-4707-8319-F27DBADAE800}"
EndProject
Project("{2150E333-8FDC-42A3-9474-1A3956D46DE8}") = "src", "src", "{EA1E8119-A818-43E4-90B2-F907145C9A86}"
EndProject
Project("{9A19103F-16F7-4668-BE54-9A1E7A4F7556}") = "%name.PascalCased%.template", "ClientApp\node_modules\aws-cdk\lib\init-templates\sample-app\csharp\src\%name.PascalCased%\%name.PascalCased%.template.csproj", "{CA0F1E7E-B642-4BF7-AEAA-A871DE317A22}"
EndProject
Global
	GlobalSection(SolutionConfigurationPlatforms) = preSolution
		Debug|Any CPU = Debug|Any CPU
		Release|Any CPU = Release|Any CPU
	EndGlobalSection
	GlobalSection(ProjectConfigurationPlatforms) = postSolution
		{B1431E9F-2511-446C-BFC3-DE578E1C2D82}.Debug|Any CPU.ActiveCfg = Debug|Any CPU
		{B1431E9F-2511-446C-BFC3-DE578E1C2D82}.Debug|Any CPU.Build.0 = Debug|Any CPU
		{B1431E9F-2511-446C-BFC3-DE578E1C2D82}.Release|Any CPU.ActiveCfg = Release|Any CPU
		{B1431E9F-2511-446C-BFC3-DE578E1C2D82}.Release|Any CPU.Build.0 = Release|Any CPU
		{AA9FDA16-4440-4C6B-B8CF-E46F1EF58BE1}.Debug|Any CPU.ActiveCfg = Debug|Any CPU
		{AA9FDA16-4440-4C6B-B8CF-E46F1EF58BE1}.Debug|Any CPU.Build.0 = Debug|Any CPU
		{AA9FDA16-4440-4C6B-B8CF-E46F1EF58BE1}.Release|Any CPU.ActiveCfg = Release|Any CPU
		{AA9FDA16-4440-4C6B-B8CF-E46F1EF58BE1}.Release|Any CPU.Build.0 = Release|Any CPU
		{CA0F1E7E-B642-4BF7-AEAA-A871DE317A22}.Debug|Any CPU.ActiveCfg = Debug|Any CPU
		{CA0F1E7E-B642-4BF7-AEAA-A871DE317A22}.Debug|Any CPU.Build.0 = Debug|Any CPU
		{CA0F1E7E-B642-4BF7-AEAA-A871DE317A22}.Release|Any CPU.ActiveCfg = Release|Any CPU
		{CA0F1E7E-B642-4BF7-AEAA-A871DE317A22}.Release|Any CPU.Build.0 = Release|Any CPU
	EndGlobalSection
	GlobalSection(SolutionProperties) = preSolution
		HideSolutionNode = FALSE
	EndGlobalSection
	GlobalSection(NestedProjects) = preSolution
		{6120E5C5-61E2-451B-B791-048B9B28F1BB} = {D72E01C8-8C0E-4097-9192-8B2C4C34CAE1}
		{C84FDAC9-CB9B-4778-889E-AF00E8753F27} = {6120E5C5-61E2-451B-B791-048B9B28F1BB}
		{F81A28E0-EF56-429C-BF16-B3ECD8B9CFDD} = {C84FDAC9-CB9B-4778-889E-AF00E8753F27}
		{3BA5F33B-EE8E-447A-8D41-DB6DEDAD17B7} = {F81A28E0-EF56-429C-BF16-B3ECD8B9CFDD}
		{8E78298B-37C2-4A7D-84C9-3B8A309983D1} = {3BA5F33B-EE8E-447A-8D41-DB6DEDAD17B7}
		{C44B334E-CF48-45C0-87FA-BF6D4357CCD4} = {8E78298B-37C2-4A7D-84C9-3B8A309983D1}
		{027EE6BC-E4A1-45D1-B27D-D2ADB934DA49} = {C44B334E-CF48-45C0-87FA-BF6D4357CCD4}
		{AA9FDA16-4440-4C6B-B8CF-E46F1EF58BE1} = {027EE6BC-E4A1-45D1-B27D-D2ADB934DA49}
		{03ABE542-69DA-438B-B9B9-6F9C3310979E} = {3BA5F33B-EE8E-447A-8D41-DB6DEDAD17B7}
		{8CB3E188-EC51-4707-8319-F27DBADAE800} = {03ABE542-69DA-438B-B9B9-6F9C3310979E}
		{EA1E8119-A818-43E4-90B2-F907145C9A86} = {8CB3E188-EC51-4707-8319-F27DBADAE800}
		{CA0F1E7E-B642-4BF7-AEAA-A871DE317A22} = {EA1E8119-A818-43E4-90B2-F907145C9A86}
	EndGlobalSection
	GlobalSection(ExtensibilityGlobals) = postSolution
		SolutionGuid = {B202D196-09B9-4255-81D2-E0837C3625C2}
	EndGlobalSection
EndGlobal
